// !$*UTF8*$!
{
	archiveVersion = 1;
	classes = {
	};
	objectVersion = 52;
	objects = {

/* Begin PBXBuildFile section */
		2479147D2464EC3E00B9FEF1 /* XlsxDecoder.swift in Sources */ = {isa = PBXBuildFile; fileRef = 2479147C2464EC3E00B9FEF1 /* XlsxDecoder.swift */; };
		247914812464F39A00B9FEF1 /* 1.xlsx in Resources */ = {isa = PBXBuildFile; fileRef = 247914802464F39A00B9FEF1 /* 1.xlsx */; };
		247914832464F3A100B9FEF1 /* README.png in Resources */ = {isa = PBXBuildFile; fileRef = 247914822464F3A000B9FEF1 /* README.png */; };
		2481A8D82462B8800089CACE /* AppDelegate.swift in Sources */ = {isa = PBXBuildFile; fileRef = 2481A8D72462B8800089CACE /* AppDelegate.swift */; };
		2481A8DA2462B8800089CACE /* SceneDelegate.swift in Sources */ = {isa = PBXBuildFile; fileRef = 2481A8D92462B8800089CACE /* SceneDelegate.swift */; };
		2481A8DC2462B8800089CACE /* ViewController.swift in Sources */ = {isa = PBXBuildFile; fileRef = 2481A8DB2462B8800089CACE /* ViewController.swift */; };
		2481A8DF2462B8800089CACE /* Main.storyboard in Resources */ = {isa = PBXBuildFile; fileRef = 2481A8DD2462B8800089CACE /* Main.storyboard */; };
		2481A8E12462B8890089CACE /* Assets.xcassets in Resources */ = {isa = PBXBuildFile; fileRef = 2481A8E02462B8890089CACE /* Assets.xcassets */; };
		2481A8E42462B8890089CACE /* LaunchScreen.storyboard in Resources */ = {isa = PBXBuildFile; fileRef = 2481A8E22462B8890089CACE /* LaunchScreen.storyboard */; };
		2481A8ED2462BA1E0089CACE /* CoreXLSX in Frameworks */ = {isa = PBXBuildFile; productRef = 2481A8EC2462BA1E0089CACE /* CoreXLSX */; };
/* End PBXBuildFile section */

/* Begin PBXFileReference section */
		2479147C2464EC3E00B9FEF1 /* XlsxDecoder.swift */ = {isa = PBXFileReference; lastKnownFileType = sourcecode.swift; path = XlsxDecoder.swift; sourceTree = "<group>"; };
		247914802464F39A00B9FEF1 /* 1.xlsx */ = {isa = PBXFileReference; lastKnownFileType = file; path = 1.xlsx; sourceTree = "<group>"; };
		247914822464F3A000B9FEF1 /* README.png */ = {isa = PBXFileReference; lastKnownFileType = image.png; path = README.png; sourceTree = "<group>"; };
		2481A8D42462B8800089CACE /* AutoLocalizable.app */ = {isa = PBXFileReference; explicitFileType = wrapper.application; includeInIndex = 0; path = AutoLocalizable.app; sourceTree = BUILT_PRODUCTS_DIR; };
		2481A8D72462B8800089CACE /* AppDelegate.swift */ = {isa = PBXFileReference; lastKnownFileType = sourcecode.swift; path = AppDelegate.swift; sourceTree = "<group>"; };
		2481A8D92462B8800089CACE /* SceneDelegate.swift */ = {isa = PBXFileReference; lastKnownFileType = sourcecode.swift; path = SceneDelegate.swift; sourceTree = "<group>"; };
		2481A8DB2462B8800089CACE /* ViewController.swift */ = {isa = PBXFileReference; lastKnownFileType = sourcecode.swift; path = ViewController.swift; sourceTree = "<group>"; };
		2481A8DE2462B8800089CACE /* Base */ = {isa = PBXFileReference; lastKnownFileType = file.storyboard; name = Base; path = Base.lproj/Main.storyboard; sourceTree = "<group>"; };
		2481A8E02462B8890089CACE /* Assets.xcassets */ = {isa = PBXFileReference; lastKnownFileType = folder.assetcatalog; path = Assets.xcassets; sourceTree = "<group>"; };
		2481A8E32462B8890089CACE /* Base */ = {isa = PBXFileReference; lastKnownFileType = file.storyboard; name = Base; path = Base.lproj/LaunchScreen.storyboard; sourceTree = "<group>"; };
		2481A8E52462B8890089CACE /* Info.plist */ = {isa = PBXFileReference; lastKnownFileType = text.plist.xml; path = Info.plist; sourceTree = "<group>"; };
/* End PBXFileReference section */

/* Begin PBXFrameworksBuildPhase section */
		2481A8D12462B8800089CACE /* Frameworks */ = {
			isa = PBXFrameworksBuildPhase;
			buildActionMask = 2147483647;
			files = (
				2481A8ED2462BA1E0089CACE /* CoreXLSX in Frameworks */,
			);
			runOnlyForDeploymentPostprocessing = 0;
		};
/* End PBXFrameworksBuildPhase section */

/* Begin PBXGroup section */
		2481A8CB2462B8800089CACE = {
			isa = PBXGroup;
			children = (
				2481A8D62462B8800089CACE /* AutoLocalizable */,
				2481A8D52462B8800089CACE /* Products */,
			);
			sourceTree = "<group>";
		};
		2481A8D52462B8800089CACE /* Products */ = {
			isa = PBXGroup;
			children = (
				2481A8D42462B8800089CACE /* AutoLocalizable.app */,
			);
			name = Products;
			sourceTree = "<group>";
		};
		2481A8D62462B8800089CACE /* AutoLocalizable */ = {
			isa = PBXGroup;
			children = (
				247914822464F3A000B9FEF1 /* README.png */,
				247914802464F39A00B9FEF1 /* 1.xlsx */,
				2481A8D72462B8800089CACE /* AppDelegate.swift */,
				2481A8D92462B8800089CACE /* SceneDelegate.swift */,
				2481A8DB2462B8800089CACE /* ViewController.swift */,
				2479147C2464EC3E00B9FEF1 /* XlsxDecoder.swift */,
				2481A8DD2462B8800089CACE /* Main.storyboard */,
				2481A8E02462B8890089CACE /* Assets.xcassets */,
				2481A8E22462B8890089CACE /* LaunchScreen.storyboard */,
				2481A8E52462B8890089CACE /* Info.plist */,
			);
			path = AutoLocalizable;
			sourceTree = "<group>";
		};
/* End PBXGroup section */

/* Begin PBXNativeTarget section */
		2481A8D32462B8800089CACE /* AutoLocalizable */ = {
			isa = PBXNativeTarget;
			buildConfigurationList = 2481A8E82462B8890089CACE /* Build configuration list for PBXNativeTarget "AutoLocalizable" */;
			buildPhases = (
				2481A8D02462B8800089CACE /* Sources */,
				2481A8D12462B8800089CACE /* Frameworks */,
				2481A8D22462B8800089CACE /* Resources */,
			);
			buildRules = (
			);
			dependencies = (
			);
			name = AutoLocalizable;
			packageProductDependencies = (
				2481A8EC2462BA1E0089CACE /* CoreXLSX */,
			);
			productName = AutoLocalizable;
			productReference = 2481A8D42462B8800089CACE /* AutoLocalizable.app */;
			productType = "com.apple.product-type.application";
		};
/* End PBXNativeTarget section */

/* Begin PBXProject section */
		2481A8CC2462B8800089CACE /* Project object */ = {
			isa = PBXProject;
			attributes = {
				LastSwiftUpdateCheck = 1140;
				LastUpgradeCheck = 1140;
				ORGANIZATIONNAME = Chancc;
				TargetAttributes = {
					2481A8D32462B8800089CACE = {
						CreatedOnToolsVersion = 11.4.1;
					};
				};
			};
			buildConfigurationList = 2481A8CF2462B8800089CACE /* Build configuration list for PBXProject "AutoLocalizable" */;
			compatibilityVersion = "Xcode 9.3";
			developmentRegion = en;
			hasScannedForEncodings = 0;
			knownRegions = (
				en,
				Base,
			);
			mainGroup = 2481A8CB2462B8800089CACE;
			packageReferences = (
				2481A8EB2462BA1E0089CACE /* XCRemoteSwiftPackageReference "CoreXLSX" */,
			);
			productRefGroup = 2481A8D52462B8800089CACE /* Products */;
			projectDirPath = "";
			projectRoot = "";
			targets = (
				2481A8D32462B8800089CACE /* AutoLocalizable */,
			);
		};
/* End PBXProject section */

/* Begin PBXResourcesBuildPhase section */
		2481A8D22462B8800089CACE /* Resources */ = {
			isa = PBXResourcesBuildPhase;
			buildActionMask = 2147483647;
			files = (
				2481A8E42462B8890089CACE /* LaunchScreen.storyboard in Resources */,
				2481A8E12462B8890089CACE /* Assets.xcassets in Resources */,
				2481A8DF2462B8800089CACE /* Main.storyboard in Resources */,
				247914812464F39A00B9FEF1 /* 1.xlsx in Resources */,
				247914832464F3A100B9FEF1 /* README.png in Resources */,
			);
			runOnlyForDeploymentPostprocessing = 0;
		};
/* End PBXResourcesBuildPhase section */

/* Begin PBXSourcesBuildPhase section */
		2481A8D02462B8800089CACE /* Sources */ = {
			isa = PBXSourcesBuildPhase;
			buildActionMask = 2147483647;
			files = (
				2481A8DC2462B8800089CACE /* ViewController.swift in Sources */,
				2481A8D82462B8800089CACE /* AppDelegate.swift in Sources */,
				2481A8DA2462B8800089CACE /* SceneDelegate.swift in Sources */,
				2479147D2464EC3E00B9FEF1 /* XlsxDecoder.swift in Sources */,
			);
			runOnlyForDeploymentPostprocessing = 0;
		};
/* End PBXSourcesBuildPhase section */

/* Begin PBXVariantGroup section */
		2481A8DD2462B8800089CACE /* Main.storyboard */ = {
			isa = PBXVariantGroup;
			children = (
				2481A8DE2462B8800089CACE /* Base */,
			);
			name = Main.storyboard;
			sourceTree = "<group>";
		};
		2481A8E22462B8890089CACE /* LaunchScreen.storyboard */ = {
			isa = PBXVariantGroup;
			children = (
				2481A8E32462B8890089CACE /* Base */,
			);
			name = LaunchScreen.storyboard;
			sourceTree = "<group>";
		};
/* End PBXVariantGroup section */

/* Begin XCBuildConfiguration section */
		2481A8E62462B8890089CACE /* Debug */ = {
			isa = XCBuildConfiguration;
			buildSettings = {
				ALWAYS_SEARCH_USER_PATHS = NO;
				CLANG_ANALYZER_NONNULL = YES;
				CLANG_ANALYZER_NUMBER_OBJECT_CONVERSION = YES_AGGRESSIVE;
				CLANG_CXX_LANGUAGE_STANDARD = "gnu++14";
				CLANG_CXX_LIBRARY = "libc++";
				CLANG_ENABLE_MODULES = YES;
				CLANG_ENABLE_OBJC_ARC = YES;
				CLANG_ENABLE_OBJC_WEAK = YES;
				CLANG_WARN_BLOCK_CAPTURE_AUTORELEASING = YES;
				CLANG_WARN_BOOL_CONVERSION = YES;
				CLANG_WARN_COMMA = YES;
				CLANG_WARN_CONSTANT_CONVERSION = YES;
				CLANG_WARN_DEPRECATED_OBJC_IMPLEMENTATIONS = YES;
				CLANG_WARN_DIRECT_OBJC_ISA_USAGE = YES_ERROR;
				CLANG_WARN_DOCUMENTATION_COMMENTS = YES;
				CLANG_WARN_EMPTY_BODY = YES;
				CLANG_WARN_ENUM_CONVERSION = YES;
				CLANG_WARN_INFINITE_RECURSION = YES;
				CLANG_WARN_INT_CONVERSION = YES;
				CLANG_WARN_NON_LITERAL_NULL_CONVERSION = YES;
				CLANG_WARN_OBJC_IMPLICIT_RETAIN_SELF = YES;
				CLANG_WARN_OBJC_LITERAL_CONVERSION = YES;
				CLANG_WARN_OBJC_ROOT_CLASS = YES_ERROR;
				CLANG_WARN_RANGE_LOOP_ANALYSIS = YES;
				CLANG_WARN_STRICT_PROTOTYPES = YES;
				CLANG_WARN_SUSPICIOUS_MOVE = YES;
				CLANG_WARN_UNGUARDED_AVAILABILITY = YES_AGGRESSIVE;
				CLANG_WARN_UNREACHABLE_CODE = YES;
				CLANG_WARN__DUPLICATE_METHOD_MATCH = YES;
				COPY_PHASE_STRIP = NO;
				DEBUG_INFORMATION_FORMAT = dwarf;
				ENABLE_STRICT_OBJC_MSGSEND = YES;
				ENABLE_TESTABILITY = YES;
				GCC_C_LANGUAGE_STANDARD = gnu11;
				GCC_DYNAMIC_NO_PIC = NO;
				GCC_NO_COMMON_BLOCKS = YES;
				GCC_OPTIMIZATION_LEVEL = 0;
				GCC_PREPROCESSOR_DEFINITIONS = (
					"DEBUG=1",
					"$(inherited)",
				);
				GCC_WARN_64_TO_32_BIT_CONVERSION = YES;
				GCC_WARN_ABOUT_RETURN_TYPE = YES_ERROR;
				GCC_WARN_UNDECLARED_SELECTOR = YES;
				GCC_WARN_UNINITIALIZED_AUTOS = YES_AGGRESSIVE;
				GCC_WARN_UNUSED_FUNCTION = YES;
				GCC_WARN_UNUSED_VARIABLE = YES;
				IPHONEOS_DEPLOYMENT_TARGET = 13.4;
				MTL_ENABLE_DEBUG_INFO = INCLUDE_SOURCE;
				MTL_FAST_MATH = YES;
				ONLY_ACTIVE_ARCH = YES;
				SDKROOT = iphoneos;
				SWIFT_ACTIVE_COMPILATION_CONDITIONS = DEBUG;
				SWIFT_OPTIMIZATION_LEVEL = "-Onone";
			};
			name = Debug;
		};
		2481A8E72462B8890089CACE /* Release */ = {
			isa = XCBuildConfiguration;
			buildSettings = {
				ALWAYS_SEARCH_USER_PATHS = NO;
				CLANG_ANALYZER_NONNULL = YES;
				CLANG_ANALYZER_NUMBER_OBJECT_CONVERSION = YES_AGGRESSIVE;
				CLANG_CXX_LANGUAGE_STANDARD = "gnu++14";
				CLANG_CXX_LIBRARY = "libc++";
				CLANG_ENABLE_MODULES = YES;
				CLANG_ENABLE_OBJC_ARC = YES;
				CLANG_ENABLE_OBJC_WEAK = YES;
				CLANG_WARN_BLOCK_CAPTURE_AUTORELEASING = YES;
				CLANG_WARN_BOOL_CONVERSION = YES;
				CLANG_WARN_COMMA = YES;
				CLANG_WARN_CONSTANT_CONVERSION = YES;
				CLANG_WARN_DEPRECATED_OBJC_IMPLEMENTATIONS = YES;
				CLANG_WARN_DIRECT_OBJC_ISA_USAGE = YES_ERROR;
				CLANG_WARN_DOCUMENTATION_COMMENTS = YES;
				CLANG_WARN_EMPTY_BODY = YES;
				CLANG_WARN_ENUM_CONVERSION = YES;
				CLANG_WARN_INFINITE_RECURSION = YES;
				CLANG_WARN_INT_CONVERSION = YES;
				CLANG_WARN_NON_LITERAL_NULL_CONVERSION = YES;
				CLANG_WARN_OBJC_IMPLICIT_RETAIN_SELF = YES;
				CLANG_WARN_OBJC_LITERAL_CONVERSION = YES;
				CLANG_WARN_OBJC_ROOT_CLASS = YES_ERROR;
				CLANG_WARN_RANGE_LOOP_ANALYSIS = YES;
				CLANG_WARN_STRICT_PROTOTYPES = YES;
				CLANG_WARN_SUSPICIOUS_MOVE = YES;
				CLANG_WARN_UNGUARDED_AVAILABILITY = YES_AGGRESSIVE;
				CLANG_WARN_UNREACHABLE_CODE = YES;
				CLANG_WARN__DUPLICATE_METHOD_MATCH = YES;
				COPY_PHASE_STRIP = NO;
				DEBUG_INFORMATION_FORMAT = "dwarf-with-dsym";
				ENABLE_NS_ASSERTIONS = NO;
				ENABLE_STRICT_OBJC_MSGSEND = YES;
				GCC_C_LANGUAGE_STANDARD = gnu11;
				GCC_NO_COMMON_BLOCKS = YES;
				GCC_WARN_64_TO_32_BIT_CONVERSION = YES;
				GCC_WARN_ABOUT_RETURN_TYPE = YES_ERROR;
				GCC_WARN_UNDECLARED_SELECTOR = YES;
				GCC_WARN_UNINITIALIZED_AUTOS = YES_AGGRESSIVE;
				GCC_WARN_UNUSED_FUNCTION = YES;
				GCC_WARN_UNUSED_VARIABLE = YES;
				IPHONEOS_DEPLOYMENT_TARGET = 13.4;
				MTL_ENABLE_DEBUG_INFO = NO;
				MTL_FAST_MATH = YES;
				SDKROOT = iphoneos;
				SWIFT_COMPILATION_MODE = wholemodule;
				SWIFT_OPTIMIZATION_LEVEL = "-O";
				VALIDATE_PRODUCT = YES;
			};
			name = Release;
		};
		2481A8E92462B8890089CACE /* Debug */ = {
			isa = XCBuildConfiguration;
			buildSettings = {
				ASSETCATALOG_COMPILER_APPICON_NAME = AppIcon;
				CODE_SIGN_STYLE = Automatic;
				DEVELOPMENT_TEAM = 6BF69KFMJZ;
				INFOPLIST_FILE = AutoLocalizable/Info.plist;
				LD_RUNPATH_SEARCH_PATHS = (
					"$(inherited)",
					"@executable_path/Frameworks",
				);
				PRODUCT_BUNDLE_IDENTIFIER = Chancc.AutoLocalizable;
				PRODUCT_NAME = "$(TARGET_NAME)";
				SWIFT_VERSION = 5.0;
				TARGETED_DEVICE_FAMILY = "1,2";
			};
			name = Debug;
		};
		2481A8EA2462B8890089CACE /* Release */ = {
			isa = XCBuildConfiguration;
			buildSettings = {
				ASSETCATALOG_COMPILER_APPICON_NAME = AppIcon;
				CODE_SIGN_STYLE = Automatic;
				DEVELOPMENT_TEAM = 6BF69KFMJZ;
				INFOPLIST_FILE = AutoLocalizable/Info.plist;
				LD_RUNPATH_SEARCH_PATHS = (
					"$(inherited)",
					"@executable_path/Frameworks",
				);
				PRODUCT_BUNDLE_IDENTIFIER = Chancc.AutoLocalizable;
				PRODUCT_NAME = "$(TARGET_NAME)";
				SWIFT_VERSION = 5.0;
				TARGETED_DEVICE_FAMILY = "1,2";
			};
			name = Release;
		};
/* End XCBuildConfiguration section */

/* Begin XCConfigurationList section */
		2481A8CF2462B8800089CACE /* Build configuration list for PBXProject "AutoLocalizable" */ = {
			isa = XCConfigurationList;
			buildConfigurations = (
				2481A8E62462B8890089CACE /* Debug */,
				2481A8E72462B8890089CACE /* Release */,
			);
			defaultConfigurationIsVisible = 0;
			defaultConfigurationName = Release;
		};
		2481A8E82462B8890089CACE /* Build configuration list for PBXNativeTarget "AutoLocalizable" */ = {
			isa = XCConfigurationList;
			buildConfigurations = (
				2481A8E92462B8890089CACE /* Debug */,
				2481A8EA2462B8890089CACE /* Release */,
			);
			defaultConfigurationIsVisible = 0;
			defaultConfigurationName = Release;
		};
/* End XCConfigurationList section */

/* Begin XCRemoteSwiftPackageReference section */
		2481A8EB2462BA1E0089CACE /* XCRemoteSwiftPackageReference "CoreXLSX" */ = {
			isa = XCRemoteSwiftPackageReference;
			repositoryURL = "https://github.com/MaxDesiatov/CoreXLSX.git";
			requirement = {
				kind = upToNextMajorVersion;
				minimumVersion = 0.10.0;
			};
		};
/* End XCRemoteSwiftPackageReference section */

/* Begin XCSwiftPackageProductDependency section */
		2481A8EC2462BA1E0089CACE /* CoreXLSX */ = {
			isa = XCSwiftPackageProductDependency;
			package = 2481A8EB2462BA1E0089CACE /* XCRemoteSwiftPackageReference "CoreXLSX" */;
			productName = CoreXLSX;
		};
/* End XCSwiftPackageProductDependency section */
	};
	rootObject = 2481A8CC2462B8800089CACE /* Project object */;
}
